
Microsoft Visual Studio Solution File, Format Version 12.00
# Visual Studio 15
VisualStudioVersion = 15.0.27420.3004
MinimumVisualStudioVersion = 10.0.40219.1
Project("{FAE04EC0-301F-11D3-BF4B-00C04F79EFBC}") = "ProtocolHandlerSample", "src\ProtocolHandlerSample.csproj", "{3091084B-7E6D-46FE-8D66-20DA5356152F}"
EndProject
Project("{2150E333-8FDC-42A3-9474-1A3956D46DE8}") = "Solution Items", "Solution Items", "{C2108A69-BA8A-43FB-9605-BD05EC44E4C0}"
	ProjectSection(SolutionItems) = preProject
		appveyor.yml = appveyor.yml
		README.md = README.md
	EndProjectSection
EndProject
Global
	GlobalSection(SolutionConfigurationPlatforms) = preSolution
		Debug|Any CPU = Debug|Any CPU
		Release|Any CPU = Release|Any CPU
	EndGlobalSection
	GlobalSection(ProjectConfigurationPlatforms) = postSolution
		{3091084B-7E6D-46FE-8D66-20DA5356152F}.Debug|Any CPU.ActiveCfg = Debug|Any CPU
		{3091084B-7E6D-46FE-8D66-20DA5356152F}.Debug|Any CPU.Build.0 = Debug|Any CPU
		{3091084B-7E6D-46FE-8D66-20DA5356152F}.Release|Any CPU.ActiveCfg = Release|Any CPU
		{3091084B-7E6D-46FE-8D66-20DA5356152F}.Release|Any CPU.Build.0 = Release|Any CPU
	EndGlobalSection
	GlobalSection(SolutionProperties) = preSolution
		HideSolutionNode = FALSE
	EndGlobalSection
	GlobalSection(ExtensibilityGlobals) = postSolution
		SolutionGuid = {8E52A6C9-3628-41E5-8170-49F834335758}
	EndGlobalSection
EndGlobal
