
Microsoft Visual Studio Solution File, Format Version 12.00
# Visual Studio 15
VisualStudioVersion = 15.0.27107.1
MinimumVisualStudioVersion = 10.0.40219.1
Project("{FAE04EC0-301F-11D3-BF4B-00C04F79EFBC}") = "LanguageServerLibrary", "LanguageServerLibrary\LanguageServerLibrary.csproj", "{8D2BAFE8-572E-4B7D-9C88-DF8C18903B1D}"
EndProject
Project("{FAE04EC0-301F-11D3-BF4B-00C04F79EFBC}") = "LanguageServerWithUI", "LanguageServerWithUI\LanguageServerWithUI.csproj", "{E203F5BC-8AFC-44B6-AC9A-CD8667742507}"
EndProject
Project("{FAE04EC0-301F-11D3-BF4B-00C04F79EFBC}") = "MockLanguageExtension", "MockLanguageExtension\MockLanguageExtension.csproj", "{EB360D87-8769-44A4-B837-8BC3279070C9}"
EndProject
Global
	GlobalSection(SolutionConfigurationPlatforms) = preSolution
		Debug|Any CPU = Debug|Any CPU
		Release|Any CPU = Release|Any CPU
	EndGlobalSection
	GlobalSection(ProjectConfigurationPlatforms) = postSolution
		{8D2BAFE8-572E-4B7D-9C88-DF8C18903B1D}.Debug|Any CPU.ActiveCfg = Debug|Any CPU
		{8D2BAFE8-572E-4B7D-9C88-DF8C18903B1D}.Debug|Any CPU.Build.0 = Debug|Any CPU
		{8D2BAFE8-572E-4B7D-9C88-DF8C18903B1D}.Release|Any CPU.ActiveCfg = Release|Any CPU
		{8D2BAFE8-572E-4B7D-9C88-DF8C18903B1D}.Release|Any CPU.Build.0 = Release|Any CPU
		{E203F5BC-8AFC-44B6-AC9A-CD8667742507}.Debug|Any CPU.ActiveCfg = Debug|Any CPU
		{E203F5BC-8AFC-44B6-AC9A-CD8667742507}.Debug|Any CPU.Build.0 = Debug|Any CPU
		{E203F5BC-8AFC-44B6-AC9A-CD8667742507}.Release|Any CPU.ActiveCfg = Release|Any CPU
		{E203F5BC-8AFC-44B6-AC9A-CD8667742507}.Release|Any CPU.Build.0 = Release|Any CPU
		{EB360D87-8769-44A4-B837-8BC3279070C9}.Debug|Any CPU.ActiveCfg = Debug|Any CPU
		{EB360D87-8769-44A4-B837-8BC3279070C9}.Debug|Any CPU.Build.0 = Debug|Any CPU
		{EB360D87-8769-44A4-B837-8BC3279070C9}.Release|Any CPU.ActiveCfg = Release|Any CPU
		{EB360D87-8769-44A4-B837-8BC3279070C9}.Release|Any CPU.Build.0 = Release|Any CPU
	EndGlobalSection
	GlobalSection(SolutionProperties) = preSolution
		HideSolutionNode = FALSE
	EndGlobalSection
	GlobalSection(ExtensibilityGlobals) = postSolution
		SolutionGuid = {CA2F01D3-69DD-4FEE-B239-775F5C1DFA2F}
	EndGlobalSection
EndGlobal
