
Microsoft Visual Studio Solution File, Format Version 12.00
# Visual Studio 14
VisualStudioVersion = 14.0.22723.1
MinimumVisualStudioVersion = 10.0.40219.1
Project("{FAE04EC0-301F-11D3-BF4B-00C04F79EFBC}") = "TypingSpeed", "TypingSpeed.csproj", "{E99E6ADE-7E94-4EC9-8EE1-886635CB7FB6}"
EndProject
Global
	GlobalSection(SolutionConfigurationPlatforms) = preSolution
		Debug|Any CPU = Debug|Any CPU
		Release|Any CPU = Release|Any CPU
	EndGlobalSection
	GlobalSection(ProjectConfigurationPlatforms) = postSolution
		{E99E6ADE-7E94-4EC9-8EE1-886635CB7FB6}.Debug|Any CPU.ActiveCfg = Debug|Any CPU
		{E99E6ADE-7E94-4EC9-8EE1-886635CB7FB6}.Debug|Any CPU.Build.0 = Debug|Any CPU
		{E99E6ADE-7E94-4EC9-8EE1-886635CB7FB6}.Release|Any CPU.ActiveCfg = Release|Any CPU
		{E99E6ADE-7E94-4EC9-8EE1-886635CB7FB6}.Release|Any CPU.Build.0 = Release|Any CPU
	EndGlobalSection
	GlobalSection(SolutionProperties) = preSolution
		HideSolutionNode = FALSE
	EndGlobalSection
EndGlobal
