
Microsoft Visual Studio Solution File, Format Version 12.00
# Visual Studio 14
VisualStudioVersion = 14.0.22723.1
MinimumVisualStudioVersion = 10.0.40219.1
Project("{FAE04EC0-301F-11D3-BF4B-00C04F79EFBC}") = "HighlightWord", "HighlightWord.csproj", "{344F923E-2D66-4377-A027-20DE99760865}"
EndProject
Global
	GlobalSection(SolutionConfigurationPlatforms) = preSolution
		Debug|Any CPU = Debug|Any CPU
		Release|Any CPU = Release|Any CPU
	EndGlobalSection
	GlobalSection(ProjectConfigurationPlatforms) = postSolution
		{344F923E-2D66-4377-A027-20DE99760865}.Debug|Any CPU.ActiveCfg = Debug|Any CPU
		{344F923E-2D66-4377-A027-20DE99760865}.Debug|Any CPU.Build.0 = Debug|Any CPU
		{344F923E-2D66-4377-A027-20DE99760865}.Release|Any CPU.ActiveCfg = Release|Any CPU
		{344F923E-2D66-4377-A027-20DE99760865}.Release|Any CPU.Build.0 = Release|Any CPU
	EndGlobalSection
	GlobalSection(SolutionProperties) = preSolution
		HideSolutionNode = FALSE
	EndGlobalSection
EndGlobal
