
Microsoft Visual Studio Solution File, Format Version 12.00
# Visual Studio Version 16
VisualStudioVersion = 16.0.29020.237
MinimumVisualStudioVersion = 10.0.40219.1
Project("{FAE04EC0-301F-11D3-BF4B-00C04F79EFBC}") = "CodeLensOopProviderVsix", "CodeLensOopProviderVsix.csproj", "{B896FF3C-FB27-4F5F-BD50-E0AFA5C82328}"
EndProject
Project("{FAE04EC0-301F-11D3-BF4B-00C04F79EFBC}") = "CodeLensOopProvider", "CodeLensOopProvider\CodeLensOopProvider.csproj", "{31EB1B96-34E8-4E37-872D-4ED7363C95D9}"
EndProject
Project("{FAE04EC0-301F-11D3-BF4B-00C04F79EFBC}") = "CodeLensOopProviderShared", "CodeLensOopProviderShared\CodeLensOopProviderShared.csproj", "{62D7DD7E-848B-4AD4-B815-BF9DAD587381}"
EndProject
Global
	GlobalSection(SolutionConfigurationPlatforms) = preSolution
		Debug|Any CPU = Debug|Any CPU
		Release|Any CPU = Release|Any CPU
	EndGlobalSection
	GlobalSection(ProjectConfigurationPlatforms) = postSolution
		{B896FF3C-FB27-4F5F-BD50-E0AFA5C82328}.Debug|Any CPU.ActiveCfg = Debug|Any CPU
		{B896FF3C-FB27-4F5F-BD50-E0AFA5C82328}.Debug|Any CPU.Build.0 = Debug|Any CPU
		{B896FF3C-FB27-4F5F-BD50-E0AFA5C82328}.Release|Any CPU.ActiveCfg = Release|Any CPU
		{B896FF3C-FB27-4F5F-BD50-E0AFA5C82328}.Release|Any CPU.Build.0 = Release|Any CPU
		{31EB1B96-34E8-4E37-872D-4ED7363C95D9}.Debug|Any CPU.ActiveCfg = Debug|Any CPU
		{31EB1B96-34E8-4E37-872D-4ED7363C95D9}.Debug|Any CPU.Build.0 = Debug|Any CPU
		{31EB1B96-34E8-4E37-872D-4ED7363C95D9}.Release|Any CPU.ActiveCfg = Release|Any CPU
		{31EB1B96-34E8-4E37-872D-4ED7363C95D9}.Release|Any CPU.Build.0 = Release|Any CPU
		{62D7DD7E-848B-4AD4-B815-BF9DAD587381}.Debug|Any CPU.ActiveCfg = Debug|Any CPU
		{62D7DD7E-848B-4AD4-B815-BF9DAD587381}.Debug|Any CPU.Build.0 = Debug|Any CPU
		{62D7DD7E-848B-4AD4-B815-BF9DAD587381}.Release|Any CPU.ActiveCfg = Release|Any CPU
		{62D7DD7E-848B-4AD4-B815-BF9DAD587381}.Release|Any CPU.Build.0 = Release|Any CPU
	EndGlobalSection
	GlobalSection(SolutionProperties) = preSolution
		HideSolutionNode = FALSE
	EndGlobalSection
	GlobalSection(ExtensibilityGlobals) = postSolution
		SolutionGuid = {C2E28001-B12D-47B9-85BF-CF6A2D4AE7EE}
	EndGlobalSection
EndGlobal
