
Microsoft Visual Studio Solution File, Format Version 12.00
# Visual Studio 14
VisualStudioVersion = 14.0.21518.1
MinimumVisualStudioVersion = 10.0.40219.1
Project("{FAE04EC0-301F-11D3-BF4B-00C04F79EFBC}") = "TestLightBulb", "TestLightBulb\TestLightBulb.csproj", "{F3C70A55-BE5B-4173-8BC4-503AF6950154}"
EndProject
Global
	GlobalSection(SolutionConfigurationPlatforms) = preSolution
		Debug|Any CPU = Debug|Any CPU
		Release|Any CPU = Release|Any CPU
	EndGlobalSection
	GlobalSection(ProjectConfigurationPlatforms) = postSolution
		{F3C70A55-BE5B-4173-8BC4-503AF6950154}.Debug|Any CPU.ActiveCfg = Debug|Any CPU
		{F3C70A55-BE5B-4173-8BC4-503AF6950154}.Debug|Any CPU.Build.0 = Debug|Any CPU
		{F3C70A55-BE5B-4173-8BC4-503AF6950154}.Release|Any CPU.ActiveCfg = Release|Any CPU
		{F3C70A55-BE5B-4173-8BC4-503AF6950154}.Release|Any CPU.Build.0 = Release|Any CPU
	EndGlobalSection
	GlobalSection(SolutionProperties) = preSolution
		HideSolutionNode = FALSE
	EndGlobalSection
EndGlobal
