
Microsoft Visual Studio Solution File, Format Version 12.00
# Visual Studio 15
VisualStudioVersion = 15.0.27716.3005
MinimumVisualStudioVersion = 10.0.40219.1
Project("{FAE04EC0-301F-11D3-BF4B-00C04F79EFBC}") = "AsyncQuickInfo", "src\AsyncQuickInfo.csproj", "{EDD82FE6-978B-4E15-BF7B-0FD128CCDD58}"
EndProject
Project("{2150E333-8FDC-42A3-9474-1A3956D46DE8}") = "Solution Items", "Solution Items", "{7BEC2A4D-CB41-4291-939A-F517A2110746}"
	ProjectSection(SolutionItems) = preProject
		README.md = README.md
	EndProjectSection
EndProject
Global
	GlobalSection(SolutionConfigurationPlatforms) = preSolution
		Debug|Any CPU = Debug|Any CPU
		Release|Any CPU = Release|Any CPU
	EndGlobalSection
	GlobalSection(ProjectConfigurationPlatforms) = postSolution
		{EDD82FE6-978B-4E15-BF7B-0FD128CCDD58}.Debug|Any CPU.ActiveCfg = Debug|Any CPU
		{EDD82FE6-978B-4E15-BF7B-0FD128CCDD58}.Debug|Any CPU.Build.0 = Debug|Any CPU
		{EDD82FE6-978B-4E15-BF7B-0FD128CCDD58}.Release|Any CPU.ActiveCfg = Release|Any CPU
		{EDD82FE6-978B-4E15-BF7B-0FD128CCDD58}.Release|Any CPU.Build.0 = Release|Any CPU
	EndGlobalSection
	GlobalSection(SolutionProperties) = preSolution
		HideSolutionNode = FALSE
	EndGlobalSection
	GlobalSection(ExtensibilityGlobals) = postSolution
		SolutionGuid = {519E0A63-288D-43CA-A074-535BD303874E}
	EndGlobalSection
EndGlobal
