
Microsoft Visual Studio Solution File, Format Version 12.00
# Visual Studio 15
VisualStudioVersion = 15.0.27716.3005
MinimumVisualStudioVersion = 10.0.40219.1
Project("{FAE04EC0-301F-11D3-BF4B-00C04F79EFBC}") = "AsyncToolWindowSample", "src\AsyncToolWindowSample.csproj", "{5CE4ED47-6A68-4F09-B0EE-501CACAA3EBD}"
EndProject
Project("{2150E333-8FDC-42A3-9474-1A3956D46DE8}") = "Solution Items", "Solution Items", "{EDE420A2-0953-46FE-B91B-92E19703EE05}"
	ProjectSection(SolutionItems) = preProject
		README.md = README.md
	EndProjectSection
EndProject
Global
	GlobalSection(SolutionConfigurationPlatforms) = preSolution
		Debug|Any CPU = Debug|Any CPU
		Release|Any CPU = Release|Any CPU
	EndGlobalSection
	GlobalSection(ProjectConfigurationPlatforms) = postSolution
		{5CE4ED47-6A68-4F09-B0EE-501CACAA3EBD}.Debug|Any CPU.ActiveCfg = Debug|Any CPU
		{5CE4ED47-6A68-4F09-B0EE-501CACAA3EBD}.Debug|Any CPU.Build.0 = Debug|Any CPU
		{5CE4ED47-6A68-4F09-B0EE-501CACAA3EBD}.Release|Any CPU.ActiveCfg = Release|Any CPU
		{5CE4ED47-6A68-4F09-B0EE-501CACAA3EBD}.Release|Any CPU.Build.0 = Release|Any CPU
	EndGlobalSection
	GlobalSection(SolutionProperties) = preSolution
		HideSolutionNode = FALSE
	EndGlobalSection
	GlobalSection(ExtensibilityGlobals) = postSolution
		SolutionGuid = {0F64B331-379E-4AD7-94AC-930833EF7C08}
	EndGlobalSection
EndGlobal
