
Microsoft Visual Studio Solution File, Format Version 12.00
# Visual Studio 15
VisualStudioVersion = 15.0.26223.1
MinimumVisualStudioVersion = 10.0.40219.1
Project("{FAE04EC0-301F-11D3-BF4B-00C04F79EFBC}") = "OpenFolderExtensibility", "OpenFolderExtensibility.csproj", "{4EE8ED50-82B8-4FEA-9823-8696E6814068}"
EndProject
Global
	GlobalSection(SolutionConfigurationPlatforms) = preSolution
		Debug|Any CPU = Debug|Any CPU
		Release|Any CPU = Release|Any CPU
	EndGlobalSection
	GlobalSection(ProjectConfigurationPlatforms) = postSolution
		{4EE8ED50-82B8-4FEA-9823-8696E6814068}.Debug|Any CPU.ActiveCfg = Debug|Any CPU
		{4EE8ED50-82B8-4FEA-9823-8696E6814068}.Debug|Any CPU.Build.0 = Debug|Any CPU
		{4EE8ED50-82B8-4FEA-9823-8696E6814068}.Release|Any CPU.ActiveCfg = Release|Any CPU
		{4EE8ED50-82B8-4FEA-9823-8696E6814068}.Release|Any CPU.Build.0 = Release|Any CPU
	EndGlobalSection
	GlobalSection(SolutionProperties) = preSolution
		HideSolutionNode = FALSE
	EndGlobalSection
EndGlobal
